Microsoft Visual Studio Solution File, Format Version 12.00
# Visual Studio 11
Project("{8BC9CEB8-8B4A-11D0-8D11-00A0C91BC942}") = "ALL_BUILD", "ALL_BUILD.vcxproj", "{D527B3E8-FE05-4F90-B5D7-F23FF3CB4DD0}"
	ProjectSection(ProjectDependencies) = postProject
		{EE6A26DD-FDB8-4641-B1DC-C76BC5D6AA24} = {EE6A26DD-FDB8-4641-B1DC-C76BC5D6AA24}
		{539F78C7-AB10-4443-A327-09291D1E8BE8} = {539F78C7-AB10-4443-A327-09291D1E8BE8}
		{1C865BD4-6718-48F1-BC2B-2FF39B7C0545} = {1C865BD4-6718-48F1-BC2B-2FF39B7C0545}
		{71FA1972-2D2B-4A6F-B20F-CF02DD1A08C4} = {71FA1972-2D2B-4A6F-B20F-CF02DD1A08C4}
	EndProjectSection
EndProject
Project("{8BC9CEB8-8B4A-11D0-8D11-00A0C91BC942}") = "ZERO_CHECK", "ZERO_CHECK.vcxproj", "{EE6A26DD-FDB8-4641-B1DC-C76BC5D6AA24}"
	ProjectSection(ProjectDependencies) = postProject
	EndProjectSection
EndProject
Project("{8BC9CEB8-8B4A-11D0-8D11-00A0C91BC942}") = "interactive_sample", "interactive_sample.vcxproj", "{539F78C7-AB10-4443-A327-09291D1E8BE8}"
	ProjectSection(ProjectDependencies) = postProject
		{EE6A26DD-FDB8-4641-B1DC-C76BC5D6AA24} = {EE6A26DD-FDB8-4641-B1DC-C76BC5D6AA24}
	EndProjectSection
EndProject
Project("{8BC9CEB8-8B4A-11D0-8D11-00A0C91BC942}") = "iterate_sample", "iterate_sample.vcxproj", "{1C865BD4-6718-48F1-BC2B-2FF39B7C0545}"
	ProjectSection(ProjectDependencies) = postProject
		{EE6A26DD-FDB8-4641-B1DC-C76BC5D6AA24} = {EE6A26DD-FDB8-4641-B1DC-C76BC5D6AA24}
	EndProjectSection
EndProject
Project("{8BC9CEB8-8B4A-11D0-8D11-00A0C91BC942}") = "random_access_sample", "random_access_sample.vcxproj", "{71FA1972-2D2B-4A6F-B20F-CF02DD1A08C4}"
	ProjectSection(ProjectDependencies) = postProject
		{EE6A26DD-FDB8-4641-B1DC-C76BC5D6AA24} = {EE6A26DD-FDB8-4641-B1DC-C76BC5D6AA24}
	EndProjectSection
EndProject
Global
	GlobalSection(SolutionConfigurationPlatforms) = preSolution
		Debug|Win32 = Debug|Win32
		Release|Win32 = Release|Win32
		MinSizeRel|Win32 = MinSizeRel|Win32
		RelWithDebInfo|Win32 = RelWithDebInfo|Win32
	EndGlobalSection
	GlobalSection(ProjectConfigurationPlatforms) = postSolution
		{D527B3E8-FE05-4F90-B5D7-F23FF3CB4DD0}.Debug|Win32.ActiveCfg = Debug|Win32
		{D527B3E8-FE05-4F90-B5D7-F23FF3CB4DD0}.Release|Win32.ActiveCfg = Release|Win32
		{D527B3E8-FE05-4F90-B5D7-F23FF3CB4DD0}.MinSizeRel|Win32.ActiveCfg = MinSizeRel|Win32
		{D527B3E8-FE05-4F90-B5D7-F23FF3CB4DD0}.RelWithDebInfo|Win32.ActiveCfg = RelWithDebInfo|Win32
		{EE6A26DD-FDB8-4641-B1DC-C76BC5D6AA24}.Debug|Win32.ActiveCfg = Debug|Win32
		{EE6A26DD-FDB8-4641-B1DC-C76BC5D6AA24}.Debug|Win32.Build.0 = Debug|Win32
		{EE6A26DD-FDB8-4641-B1DC-C76BC5D6AA24}.Release|Win32.ActiveCfg = Release|Win32
		{EE6A26DD-FDB8-4641-B1DC-C76BC5D6AA24}.Release|Win32.Build.0 = Release|Win32
		{EE6A26DD-FDB8-4641-B1DC-C76BC5D6AA24}.MinSizeRel|Win32.ActiveCfg = MinSizeRel|Win32
		{EE6A26DD-FDB8-4641-B1DC-C76BC5D6AA24}.MinSizeRel|Win32.Build.0 = MinSizeRel|Win32
		{EE6A26DD-FDB8-4641-B1DC-C76BC5D6AA24}.RelWithDebInfo|Win32.ActiveCfg = RelWithDebInfo|Win32
		{EE6A26DD-FDB8-4641-B1DC-C76BC5D6AA24}.RelWithDebInfo|Win32.Build.0 = RelWithDebInfo|Win32
		{539F78C7-AB10-4443-A327-09291D1E8BE8}.Debug|Win32.ActiveCfg = Debug|Win32
		{539F78C7-AB10-4443-A327-09291D1E8BE8}.Debug|Win32.Build.0 = Debug|Win32
		{539F78C7-AB10-4443-A327-09291D1E8BE8}.Release|Win32.ActiveCfg = Release|Win32
		{539F78C7-AB10-4443-A327-09291D1E8BE8}.Release|Win32.Build.0 = Release|Win32
		{539F78C7-AB10-4443-A327-09291D1E8BE8}.MinSizeRel|Win32.ActiveCfg = MinSizeRel|Win32
		{539F78C7-AB10-4443-A327-09291D1E8BE8}.MinSizeRel|Win32.Build.0 = MinSizeRel|Win32
		{539F78C7-AB10-4443-A327-09291D1E8BE8}.RelWithDebInfo|Win32.ActiveCfg = RelWithDebInfo|Win32
		{539F78C7-AB10-4443-A327-09291D1E8BE8}.RelWithDebInfo|Win32.Build.0 = RelWithDebInfo|Win32
		{1C865BD4-6718-48F1-BC2B-2FF39B7C0545}.Debug|Win32.ActiveCfg = Debug|Win32
		{1C865BD4-6718-48F1-BC2B-2FF39B7C0545}.Debug|Win32.Build.0 = Debug|Win32
		{1C865BD4-6718-48F1-BC2B-2FF39B7C0545}.Release|Win32.ActiveCfg = Release|Win32
		{1C865BD4-6718-48F1-BC2B-2FF39B7C0545}.Release|Win32.Build.0 = Release|Win32
		{1C865BD4-6718-48F1-BC2B-2FF39B7C0545}.MinSizeRel|Win32.ActiveCfg = MinSizeRel|Win32
		{1C865BD4-6718-48F1-BC2B-2FF39B7C0545}.MinSizeRel|Win32.Build.0 = MinSizeRel|Win32
		{1C865BD4-6718-48F1-BC2B-2FF39B7C0545}.RelWithDebInfo|Win32.ActiveCfg = RelWithDebInfo|Win32
		{1C865BD4-6718-48F1-BC2B-2FF39B7C0545}.RelWithDebInfo|Win32.Build.0 = RelWithDebInfo|Win32
		{71FA1972-2D2B-4A6F-B20F-CF02DD1A08C4}.Debug|Win32.ActiveCfg = Debug|Win32
		{71FA1972-2D2B-4A6F-B20F-CF02DD1A08C4}.Debug|Win32.Build.0 = Debug|Win32
		{71FA1972-2D2B-4A6F-B20F-CF02DD1A08C4}.Release|Win32.ActiveCfg = Release|Win32
		{71FA1972-2D2B-4A6F-B20F-CF02DD1A08C4}.Release|Win32.Build.0 = Release|Win32
		{71FA1972-2D2B-4A6F-B20F-CF02DD1A08C4}.MinSizeRel|Win32.ActiveCfg = MinSizeRel|Win32
		{71FA1972-2D2B-4A6F-B20F-CF02DD1A08C4}.MinSizeRel|Win32.Build.0 = MinSizeRel|Win32
		{71FA1972-2D2B-4A6F-B20F-CF02DD1A08C4}.RelWithDebInfo|Win32.ActiveCfg = RelWithDebInfo|Win32
		{71FA1972-2D2B-4A6F-B20F-CF02DD1A08C4}.RelWithDebInfo|Win32.Build.0 = RelWithDebInfo|Win32
	EndGlobalSection
	GlobalSection(ExtensibilityGlobals) = postSolution
	EndGlobalSection
	GlobalSection(ExtensibilityAddIns) = postSolution
	EndGlobalSection
EndGlobal
