Microsoft Visual Studio Solution File, Format Version 12.00
# Visual Studio 11
Project("{8BC9CEB8-8B4A-11D0-8D11-00A0C91BC942}") = "ALL_BUILD", "ALL_BUILD.vcxproj", "{54931374-A561-46D9-8131-19DFC1A41049}"
	ProjectSection(ProjectDependencies) = postProject
		{FC9BF78F-A827-4ADD-AB89-D69BB9C12B41} = {FC9BF78F-A827-4ADD-AB89-D69BB9C12B41}
		{180E4286-A00D-4A47-A457-E225E0981324} = {180E4286-A00D-4A47-A457-E225E0981324}
		{0C07DE65-07DD-4411-BFF3-F17EEB18C3C6} = {0C07DE65-07DD-4411-BFF3-F17EEB18C3C6}
		{994A1DEA-1156-4541-943F-A6025FD2F6C1} = {994A1DEA-1156-4541-943F-A6025FD2F6C1}
	EndProjectSection
EndProject
Project("{8BC9CEB8-8B4A-11D0-8D11-00A0C91BC942}") = "ZERO_CHECK", "ZERO_CHECK.vcxproj", "{FC9BF78F-A827-4ADD-AB89-D69BB9C12B41}"
	ProjectSection(ProjectDependencies) = postProject
	EndProjectSection
EndProject
Project("{8BC9CEB8-8B4A-11D0-8D11-00A0C91BC942}") = "interactive_sample", "interactive_sample.vcxproj", "{180E4286-A00D-4A47-A457-E225E0981324}"
	ProjectSection(ProjectDependencies) = postProject
		{FC9BF78F-A827-4ADD-AB89-D69BB9C12B41} = {FC9BF78F-A827-4ADD-AB89-D69BB9C12B41}
	EndProjectSection
EndProject
Project("{8BC9CEB8-8B4A-11D0-8D11-00A0C91BC942}") = "iterate_sample", "iterate_sample.vcxproj", "{0C07DE65-07DD-4411-BFF3-F17EEB18C3C6}"
	ProjectSection(ProjectDependencies) = postProject
		{FC9BF78F-A827-4ADD-AB89-D69BB9C12B41} = {FC9BF78F-A827-4ADD-AB89-D69BB9C12B41}
	EndProjectSection
EndProject
Project("{8BC9CEB8-8B4A-11D0-8D11-00A0C91BC942}") = "random_access_sample", "random_access_sample.vcxproj", "{994A1DEA-1156-4541-943F-A6025FD2F6C1}"
	ProjectSection(ProjectDependencies) = postProject
		{FC9BF78F-A827-4ADD-AB89-D69BB9C12B41} = {FC9BF78F-A827-4ADD-AB89-D69BB9C12B41}
	EndProjectSection
EndProject
Global
	GlobalSection(SolutionConfigurationPlatforms) = preSolution
		Debug|Win32 = Debug|Win32
		Release|Win32 = Release|Win32
		MinSizeRel|Win32 = MinSizeRel|Win32
		RelWithDebInfo|Win32 = RelWithDebInfo|Win32
	EndGlobalSection
	GlobalSection(ProjectConfigurationPlatforms) = postSolution
		{54931374-A561-46D9-8131-19DFC1A41049}.Debug|Win32.ActiveCfg = Debug|Win32
		{54931374-A561-46D9-8131-19DFC1A41049}.Release|Win32.ActiveCfg = Release|Win32
		{54931374-A561-46D9-8131-19DFC1A41049}.MinSizeRel|Win32.ActiveCfg = MinSizeRel|Win32
		{54931374-A561-46D9-8131-19DFC1A41049}.RelWithDebInfo|Win32.ActiveCfg = RelWithDebInfo|Win32
		{FC9BF78F-A827-4ADD-AB89-D69BB9C12B41}.Debug|Win32.ActiveCfg = Debug|Win32
		{FC9BF78F-A827-4ADD-AB89-D69BB9C12B41}.Debug|Win32.Build.0 = Debug|Win32
		{FC9BF78F-A827-4ADD-AB89-D69BB9C12B41}.Release|Win32.ActiveCfg = Release|Win32
		{FC9BF78F-A827-4ADD-AB89-D69BB9C12B41}.Release|Win32.Build.0 = Release|Win32
		{FC9BF78F-A827-4ADD-AB89-D69BB9C12B41}.MinSizeRel|Win32.ActiveCfg = MinSizeRel|Win32
		{FC9BF78F-A827-4ADD-AB89-D69BB9C12B41}.MinSizeRel|Win32.Build.0 = MinSizeRel|Win32
		{FC9BF78F-A827-4ADD-AB89-D69BB9C12B41}.RelWithDebInfo|Win32.ActiveCfg = RelWithDebInfo|Win32
		{FC9BF78F-A827-4ADD-AB89-D69BB9C12B41}.RelWithDebInfo|Win32.Build.0 = RelWithDebInfo|Win32
		{180E4286-A00D-4A47-A457-E225E0981324}.Debug|Win32.ActiveCfg = Debug|Win32
		{180E4286-A00D-4A47-A457-E225E0981324}.Debug|Win32.Build.0 = Debug|Win32
		{180E4286-A00D-4A47-A457-E225E0981324}.Release|Win32.ActiveCfg = Release|Win32
		{180E4286-A00D-4A47-A457-E225E0981324}.Release|Win32.Build.0 = Release|Win32
		{180E4286-A00D-4A47-A457-E225E0981324}.MinSizeRel|Win32.ActiveCfg = MinSizeRel|Win32
		{180E4286-A00D-4A47-A457-E225E0981324}.MinSizeRel|Win32.Build.0 = MinSizeRel|Win32
		{180E4286-A00D-4A47-A457-E225E0981324}.RelWithDebInfo|Win32.ActiveCfg = RelWithDebInfo|Win32
		{180E4286-A00D-4A47-A457-E225E0981324}.RelWithDebInfo|Win32.Build.0 = RelWithDebInfo|Win32
		{0C07DE65-07DD-4411-BFF3-F17EEB18C3C6}.Debug|Win32.ActiveCfg = Debug|Win32
		{0C07DE65-07DD-4411-BFF3-F17EEB18C3C6}.Debug|Win32.Build.0 = Debug|Win32
		{0C07DE65-07DD-4411-BFF3-F17EEB18C3C6}.Release|Win32.ActiveCfg = Release|Win32
		{0C07DE65-07DD-4411-BFF3-F17EEB18C3C6}.Release|Win32.Build.0 = Release|Win32
		{0C07DE65-07DD-4411-BFF3-F17EEB18C3C6}.MinSizeRel|Win32.ActiveCfg = MinSizeRel|Win32
		{0C07DE65-07DD-4411-BFF3-F17EEB18C3C6}.MinSizeRel|Win32.Build.0 = MinSizeRel|Win32
		{0C07DE65-07DD-4411-BFF3-F17EEB18C3C6}.RelWithDebInfo|Win32.ActiveCfg = RelWithDebInfo|Win32
		{0C07DE65-07DD-4411-BFF3-F17EEB18C3C6}.RelWithDebInfo|Win32.Build.0 = RelWithDebInfo|Win32
		{994A1DEA-1156-4541-943F-A6025FD2F6C1}.Debug|Win32.ActiveCfg = Debug|Win32
		{994A1DEA-1156-4541-943F-A6025FD2F6C1}.Debug|Win32.Build.0 = Debug|Win32
		{994A1DEA-1156-4541-943F-A6025FD2F6C1}.Release|Win32.ActiveCfg = Release|Win32
		{994A1DEA-1156-4541-943F-A6025FD2F6C1}.Release|Win32.Build.0 = Release|Win32
		{994A1DEA-1156-4541-943F-A6025FD2F6C1}.MinSizeRel|Win32.ActiveCfg = MinSizeRel|Win32
		{994A1DEA-1156-4541-943F-A6025FD2F6C1}.MinSizeRel|Win32.Build.0 = MinSizeRel|Win32
		{994A1DEA-1156-4541-943F-A6025FD2F6C1}.RelWithDebInfo|Win32.ActiveCfg = RelWithDebInfo|Win32
		{994A1DEA-1156-4541-943F-A6025FD2F6C1}.RelWithDebInfo|Win32.Build.0 = RelWithDebInfo|Win32
	EndGlobalSection
	GlobalSection(ExtensibilityGlobals) = postSolution
	EndGlobalSection
	GlobalSection(ExtensibilityAddIns) = postSolution
	EndGlobalSection
EndGlobal
